
Microsoft Visual Studio Solution File, Format Version 12.00
# Visual Studio 15
Project("{FAE04EC0-301F-11D3-BF4B-00C04F79EFBC}") = "BugTracker", "BugTracker\BugTracker.csproj", "{F3C0F960-DC7E-4EE8-B0EB-DB15C5B4F095}"
EndProject
Project("{2150E333-8FDC-42A3-9474-1A3956D46DE8}") = "Core", "Core", "{EF632EA8-EB80-4C38-B55C-7E6E44ADD33D}"
EndProject
Project("{FAE04EC0-301F-11D3-BF4B-00C04F79EFBC}") = "BugTracker.Domain", "BugTracker.Domain\BugTracker.Domain.csproj", "{1D074413-E599-498D-BE2F-8F31B15C4CAE}"
EndProject
Project("{2150E333-8FDC-42A3-9474-1A3956D46DE8}") = "Infrastructure", "Infrastructure", "{F94B4792-4B71-4A60-944B-2AD79525ADE0}"
EndProject
Project("{FAE04EC0-301F-11D3-BF4B-00C04F79EFBC}") = "BugTracker.Persistence", "BugTracker.Persistence\BugTracker.Persistence.csproj", "{95EECA5E-331C-48BD-B02A-23769C05FB3B}"
EndProject
Project("{FAE04EC0-301F-11D3-BF4B-00C04F79EFBC}") = "BugTracker.Application", "BugTracker.Application\BugTracker.Application.csproj", "{C737E1F2-A148-45A0-824B-9B7E89C7F328}"
EndProject
Project("{FAE04EC0-301F-11D3-BF4B-00C04F79EFBC}") = "BugTracker.Infrastructure", "BugTracker.Infrastructure\BugTracker.Infrastructure.csproj", "{8F50BBAE-0CE9-4725-B1B4-C62DAC913A1B}"
EndProject
Global
	GlobalSection(SolutionConfigurationPlatforms) = preSolution
		Debug|Any CPU = Debug|Any CPU
		Release|Any CPU = Release|Any CPU
	EndGlobalSection
	GlobalSection(ProjectConfigurationPlatforms) = postSolution
		{F3C0F960-DC7E-4EE8-B0EB-DB15C5B4F095}.Debug|Any CPU.ActiveCfg = Debug|Any CPU
		{F3C0F960-DC7E-4EE8-B0EB-DB15C5B4F095}.Debug|Any CPU.Build.0 = Debug|Any CPU
		{F3C0F960-DC7E-4EE8-B0EB-DB15C5B4F095}.Release|Any CPU.ActiveCfg = Release|Any CPU
		{F3C0F960-DC7E-4EE8-B0EB-DB15C5B4F095}.Release|Any CPU.Build.0 = Release|Any CPU
		{1D074413-E599-498D-BE2F-8F31B15C4CAE}.Debug|Any CPU.ActiveCfg = Debug|Any CPU
		{1D074413-E599-498D-BE2F-8F31B15C4CAE}.Debug|Any CPU.Build.0 = Debug|Any CPU
		{1D074413-E599-498D-BE2F-8F31B15C4CAE}.Release|Any CPU.ActiveCfg = Release|Any CPU
		{1D074413-E599-498D-BE2F-8F31B15C4CAE}.Release|Any CPU.Build.0 = Release|Any CPU
		{95EECA5E-331C-48BD-B02A-23769C05FB3B}.Debug|Any CPU.ActiveCfg = Debug|Any CPU
		{95EECA5E-331C-48BD-B02A-23769C05FB3B}.Debug|Any CPU.Build.0 = Debug|Any CPU
		{95EECA5E-331C-48BD-B02A-23769C05FB3B}.Release|Any CPU.ActiveCfg = Release|Any CPU
		{95EECA5E-331C-48BD-B02A-23769C05FB3B}.Release|Any CPU.Build.0 = Release|Any CPU
		{C737E1F2-A148-45A0-824B-9B7E89C7F328}.Debug|Any CPU.ActiveCfg = Debug|Any CPU
		{C737E1F2-A148-45A0-824B-9B7E89C7F328}.Debug|Any CPU.Build.0 = Debug|Any CPU
		{C737E1F2-A148-45A0-824B-9B7E89C7F328}.Release|Any CPU.ActiveCfg = Release|Any CPU
		{C737E1F2-A148-45A0-824B-9B7E89C7F328}.Release|Any CPU.Build.0 = Release|Any CPU
		{8F50BBAE-0CE9-4725-B1B4-C62DAC913A1B}.Debug|Any CPU.ActiveCfg = Debug|Any CPU
		{8F50BBAE-0CE9-4725-B1B4-C62DAC913A1B}.Debug|Any CPU.Build.0 = Debug|Any CPU
		{8F50BBAE-0CE9-4725-B1B4-C62DAC913A1B}.Release|Any CPU.ActiveCfg = Release|Any CPU
		{8F50BBAE-0CE9-4725-B1B4-C62DAC913A1B}.Release|Any CPU.Build.0 = Release|Any CPU
	EndGlobalSection
	GlobalSection(NestedProjects) = preSolution
		{1D074413-E599-498D-BE2F-8F31B15C4CAE} = {EF632EA8-EB80-4C38-B55C-7E6E44ADD33D}
		{95EECA5E-331C-48BD-B02A-23769C05FB3B} = {F94B4792-4B71-4A60-944B-2AD79525ADE0}
		{C737E1F2-A148-45A0-824B-9B7E89C7F328} = {EF632EA8-EB80-4C38-B55C-7E6E44ADD33D}
		{8F50BBAE-0CE9-4725-B1B4-C62DAC913A1B} = {F94B4792-4B71-4A60-944B-2AD79525ADE0}
	EndGlobalSection
EndGlobal
